
Microsoft Visual Studio Solution File, Format Version 12.00
# Visual Studio Version 17
VisualStudioVersion = 17.6.33815.320
MinimumVisualStudioVersion = 10.0.40219.1
Project("{FAE04EC0-301F-11D3-BF4B-00C04F79EFBC}") = "ClassScheduler", "ClassScheduler.csproj", "{1905D0B3-6C02-43C3-A5B6-FCF3196CC57F}"
EndProject
Global
	GlobalSection(SolutionConfigurationPlatforms) = preSolution
		Debug|Any CPU = Debug|Any CPU
		Release|Any CPU = Release|Any CPU
	EndGlobalSection
	GlobalSection(ProjectConfigurationPlatforms) = postSolution
		{1905D0B3-6C02-43C3-A5B6-FCF3196CC57F}.Debug|Any CPU.ActiveCfg = Debug|Any CPU
		{1905D0B3-6C02-43C3-A5B6-FCF3196CC57F}.Debug|Any CPU.Build.0 = Debug|Any CPU
		{1905D0B3-6C02-43C3-A5B6-FCF3196CC57F}.Release|Any CPU.ActiveCfg = Release|Any CPU
		{1905D0B3-6C02-43C3-A5B6-FCF3196CC57F}.Release|Any CPU.Build.0 = Release|Any CPU
	EndGlobalSection
	GlobalSection(SolutionProperties) = preSolution
		HideSolutionNode = FALSE
	EndGlobalSection
	GlobalSection(ExtensibilityGlobals) = postSolution
		SolutionGuid = {91A98AA4-20B1-44F5-AD72-52E1AE46AC5F}
	EndGlobalSection
EndGlobal
